
Microsoft Visual Studio Solution File, Format Version 12.00
# Visual Studio 15
VisualStudioVersion = 15.0.27428.2002
MinimumVisualStudioVersion = 10.0.40219.1
Project("{8BC9CEB8-8B4A-11D0-8D11-00A0C91BC942}") = "TheTrip", "TheTrip\TheTrip.vcxproj", "{0D226B66-4CFB-4119-B76C-2FB8675FFBCB}"
EndProject
Project("{8BC9CEB8-8B4A-11D0-8D11-00A0C91BC942}") = "MineSweeper", "MineSweeper\MineSweeper.vcxproj", "{4C798E8F-81CF-4062-8B40-B79DFF8FA90F}"
EndProject
Project("{8BC9CEB8-8B4A-11D0-8D11-00A0C91BC942}") = "Problem_3n+1", "Problem_3n+1\Problem_3n+1.vcxproj", "{17B5FAF5-9B31-4CCE-945A-D9D218E1B9EA}"
EndProject
Project("{8BC9CEB8-8B4A-11D0-8D11-00A0C91BC942}") = "PokerHands", "PokerHands\PokerHands.vcxproj", "{BEBA831F-706C-4340-9E2C-3939382E62AF}"
EndProject
Project("{8BC9CEB8-8B4A-11D0-8D11-00A0C91BC942}") = "TestApplication", "TestApplication\TestApplication.vcxproj", "{582BEA1D-C71D-4BA0-8C02-EB87B8FFBA11}"
EndProject
Project("{8BC9CEB8-8B4A-11D0-8D11-00A0C91BC942}") = "ChallengTest", "ChallengTest\ChallengTest.vcxproj", "{FE9C4ACA-7050-40E6-89B7-7786B00BCF3E}"
EndProject
Project("{8BC9CEB8-8B4A-11D0-8D11-00A0C91BC942}") = "CryptKicker", "CryptKicker\CryptKicker.vcxproj", "{93F1FB22-BD1A-49FF-B196-3631FA992959}"
EndProject
Project("{8BC9CEB8-8B4A-11D0-8D11-00A0C91BC942}") = "StackemUp", "StackemUp\StackemUp.vcxproj", "{E152995F-24CA-41AA-AC3F-EAAC91237A20}"
EndProject
Global
	GlobalSection(SolutionConfigurationPlatforms) = preSolution
		Debug|x64 = Debug|x64
		Debug|x86 = Debug|x86
		Release|x64 = Release|x64
		Release|x86 = Release|x86
	EndGlobalSection
	GlobalSection(ProjectConfigurationPlatforms) = postSolution
		{0D226B66-4CFB-4119-B76C-2FB8675FFBCB}.Debug|x64.ActiveCfg = Debug|x64
		{0D226B66-4CFB-4119-B76C-2FB8675FFBCB}.Debug|x64.Build.0 = Debug|x64
		{0D226B66-4CFB-4119-B76C-2FB8675FFBCB}.Debug|x86.ActiveCfg = Debug|Win32
		{0D226B66-4CFB-4119-B76C-2FB8675FFBCB}.Debug|x86.Build.0 = Debug|Win32
		{0D226B66-4CFB-4119-B76C-2FB8675FFBCB}.Release|x64.ActiveCfg = Release|x64
		{0D226B66-4CFB-4119-B76C-2FB8675FFBCB}.Release|x64.Build.0 = Release|x64
		{0D226B66-4CFB-4119-B76C-2FB8675FFBCB}.Release|x86.ActiveCfg = Release|Win32
		{0D226B66-4CFB-4119-B76C-2FB8675FFBCB}.Release|x86.Build.0 = Release|Win32
		{4C798E8F-81CF-4062-8B40-B79DFF8FA90F}.Debug|x64.ActiveCfg = Debug|x64
		{4C798E8F-81CF-4062-8B40-B79DFF8FA90F}.Debug|x64.Build.0 = Debug|x64
		{4C798E8F-81CF-4062-8B40-B79DFF8FA90F}.Debug|x86.ActiveCfg = Debug|Win32
		{4C798E8F-81CF-4062-8B40-B79DFF8FA90F}.Debug|x86.Build.0 = Debug|Win32
		{4C798E8F-81CF-4062-8B40-B79DFF8FA90F}.Release|x64.ActiveCfg = Release|x64
		{4C798E8F-81CF-4062-8B40-B79DFF8FA90F}.Release|x64.Build.0 = Release|x64
		{4C798E8F-81CF-4062-8B40-B79DFF8FA90F}.Release|x86.ActiveCfg = Release|Win32
		{4C798E8F-81CF-4062-8B40-B79DFF8FA90F}.Release|x86.Build.0 = Release|Win32
		{17B5FAF5-9B31-4CCE-945A-D9D218E1B9EA}.Debug|x64.ActiveCfg = Debug|x64
		{17B5FAF5-9B31-4CCE-945A-D9D218E1B9EA}.Debug|x64.Build.0 = Debug|x64
		{17B5FAF5-9B31-4CCE-945A-D9D218E1B9EA}.Debug|x86.ActiveCfg = Debug|Win32
		{17B5FAF5-9B31-4CCE-945A-D9D218E1B9EA}.Debug|x86.Build.0 = Debug|Win32
		{17B5FAF5-9B31-4CCE-945A-D9D218E1B9EA}.Release|x64.ActiveCfg = Release|x64
		{17B5FAF5-9B31-4CCE-945A-D9D218E1B9EA}.Release|x64.Build.0 = Release|x64
		{17B5FAF5-9B31-4CCE-945A-D9D218E1B9EA}.Release|x86.ActiveCfg = Release|Win32
		{17B5FAF5-9B31-4CCE-945A-D9D218E1B9EA}.Release|x86.Build.0 = Release|Win32
		{BEBA831F-706C-4340-9E2C-3939382E62AF}.Debug|x64.ActiveCfg = Debug|x64
		{BEBA831F-706C-4340-9E2C-3939382E62AF}.Debug|x64.Build.0 = Debug|x64
		{BEBA831F-706C-4340-9E2C-3939382E62AF}.Debug|x86.ActiveCfg = Debug|Win32
		{BEBA831F-706C-4340-9E2C-3939382E62AF}.Debug|x86.Build.0 = Debug|Win32
		{BEBA831F-706C-4340-9E2C-3939382E62AF}.Release|x64.ActiveCfg = Release|x64
		{BEBA831F-706C-4340-9E2C-3939382E62AF}.Release|x64.Build.0 = Release|x64
		{BEBA831F-706C-4340-9E2C-3939382E62AF}.Release|x86.ActiveCfg = Release|Win32
		{BEBA831F-706C-4340-9E2C-3939382E62AF}.Release|x86.Build.0 = Release|Win32
		{582BEA1D-C71D-4BA0-8C02-EB87B8FFBA11}.Debug|x64.ActiveCfg = Debug|x64
		{582BEA1D-C71D-4BA0-8C02-EB87B8FFBA11}.Debug|x64.Build.0 = Debug|x64
		{582BEA1D-C71D-4BA0-8C02-EB87B8FFBA11}.Debug|x86.ActiveCfg = Debug|Win32
		{582BEA1D-C71D-4BA0-8C02-EB87B8FFBA11}.Debug|x86.Build.0 = Debug|Win32
		{582BEA1D-C71D-4BA0-8C02-EB87B8FFBA11}.Release|x64.ActiveCfg = Release|x64
		{582BEA1D-C71D-4BA0-8C02-EB87B8FFBA11}.Release|x64.Build.0 = Release|x64
		{582BEA1D-C71D-4BA0-8C02-EB87B8FFBA11}.Release|x86.ActiveCfg = Release|Win32
		{582BEA1D-C71D-4BA0-8C02-EB87B8FFBA11}.Release|x86.Build.0 = Release|Win32
		{FE9C4ACA-7050-40E6-89B7-7786B00BCF3E}.Debug|x64.ActiveCfg = Debug|x64
		{FE9C4ACA-7050-40E6-89B7-7786B00BCF3E}.Debug|x64.Build.0 = Debug|x64
		{FE9C4ACA-7050-40E6-89B7-7786B00BCF3E}.Debug|x86.ActiveCfg = Debug|Win32
		{FE9C4ACA-7050-40E6-89B7-7786B00BCF3E}.Debug|x86.Build.0 = Debug|Win32
		{FE9C4ACA-7050-40E6-89B7-7786B00BCF3E}.Release|x64.ActiveCfg = Release|x64
		{FE9C4ACA-7050-40E6-89B7-7786B00BCF3E}.Release|x64.Build.0 = Release|x64
		{FE9C4ACA-7050-40E6-89B7-7786B00BCF3E}.Release|x86.ActiveCfg = Release|Win32
		{FE9C4ACA-7050-40E6-89B7-7786B00BCF3E}.Release|x86.Build.0 = Release|Win32
		{93F1FB22-BD1A-49FF-B196-3631FA992959}.Debug|x64.ActiveCfg = Debug|x64
		{93F1FB22-BD1A-49FF-B196-3631FA992959}.Debug|x64.Build.0 = Debug|x64
		{93F1FB22-BD1A-49FF-B196-3631FA992959}.Debug|x86.ActiveCfg = Debug|Win32
		{93F1FB22-BD1A-49FF-B196-3631FA992959}.Debug|x86.Build.0 = Debug|Win32
		{93F1FB22-BD1A-49FF-B196-3631FA992959}.Release|x64.ActiveCfg = Release|x64
		{93F1FB22-BD1A-49FF-B196-3631FA992959}.Release|x64.Build.0 = Release|x64
		{93F1FB22-BD1A-49FF-B196-3631FA992959}.Release|x86.ActiveCfg = Release|Win32
		{93F1FB22-BD1A-49FF-B196-3631FA992959}.Release|x86.Build.0 = Release|Win32
		{E152995F-24CA-41AA-AC3F-EAAC91237A20}.Debug|x64.ActiveCfg = Debug|x64
		{E152995F-24CA-41AA-AC3F-EAAC91237A20}.Debug|x64.Build.0 = Debug|x64
		{E152995F-24CA-41AA-AC3F-EAAC91237A20}.Debug|x86.ActiveCfg = Debug|Win32
		{E152995F-24CA-41AA-AC3F-EAAC91237A20}.Debug|x86.Build.0 = Debug|Win32
		{E152995F-24CA-41AA-AC3F-EAAC91237A20}.Release|x64.ActiveCfg = Release|x64
		{E152995F-24CA-41AA-AC3F-EAAC91237A20}.Release|x64.Build.0 = Release|x64
		{E152995F-24CA-41AA-AC3F-EAAC91237A20}.Release|x86.ActiveCfg = Release|Win32
		{E152995F-24CA-41AA-AC3F-EAAC91237A20}.Release|x86.Build.0 = Release|Win32
	EndGlobalSection
	GlobalSection(SolutionProperties) = preSolution
		HideSolutionNode = FALSE
	EndGlobalSection
	GlobalSection(ExtensibilityGlobals) = postSolution
		SolutionGuid = {6A899AF5-2D11-480D-ACAA-6599E86CFBE8}
	EndGlobalSection
EndGlobal
